# AUTOGENERIERT — nicht von Hand bearbeiten.
# Vollstaendiger Abzug inkl. transitiver Abhaengigkeiten (pip freeze).
# Neu erzeugen:
#   python3.13 -m venv .venv && . .venv/bin/activate
#   pip install -r requirements.txt && pip freeze > requirements.lock
#
# Erzeugt auf: Linux x86_64 Python 3.11.15 (Entwicklungscontainer).
# ACHTUNG: Die Referenzumgebung ist macOS/arm64 Python 3.13 (docs/PROTOCOL.md).
# Diese Datei ist deshalb noch NICHT der kanonische Lock. Sie ist auf dem M4
# einmal neu zu erzeugen und zu committen; Abweichungen in den transitiven
# Versionen sind dabei zu erwarten (plattformabhaengige Wheels) und gehoeren
# in die Commit-Message.
anyio==4.15.1
certifi==2026.7.22
click==8.5.0
faiss-cpu==1.15.1
filelock==4.0.3
fsspec==2026.9.0
h11==0.16.0
hf-xet==1.6.0
httpcore==1.0.9
httpx==0.28.1
huggingface_hub==1.33.0
idna==3.20
iniconfig==2.3.0
joblib==1.5.3
llvmlite==0.49.0
narwhals==2.24.0
numba==0.67.0
numpy==2.4.1
packaging==26.3
pluggy==1.6.0
pyarrow==25.0.1
pydivsufsort==0.0.20
Pygments==2.20.0
pytest==9.1.1
PyYAML==6.0.3
scikit-learn==1.9.0
scipy==1.17.1
threadpoolctl==3.6.0
tokenizers==0.23.2
tqdm==4.70.1
typing_extensions==4.16.0
